
Microsoft Visual Studio Solution File, Format Version 12.00
# Visual Studio 15
Project("{FAE04EC0-301F-11D3-BF4B-00C04F79EFBC}") = "CollectionViewXF_Test.Android", "CollectionViewXF_Test.Android\CollectionViewXF_Test.Android.csproj", "{9F5247C9-6BEC-41D2-94E3-B2A6F9861781}"
EndProject
Project("{FAE04EC0-301F-11D3-BF4B-00C04F79EFBC}") = "CollectionViewXF_Test.iOS", "CollectionViewXF_Test.iOS\CollectionViewXF_Test.iOS.csproj", "{3EDBB698-113A-43D3-8C67-9FB2D5802D95}"
EndProject
Project("{FAE04EC0-301F-11D3-BF4B-00C04F79EFBC}") = "CollectionViewXF_Test", "CollectionViewXF_Test\CollectionViewXF_Test.csproj", "{A9CF01A5-A5BD-4917-9DF6-D3F7869168F8}"
EndProject
Global
	GlobalSection(SolutionConfigurationPlatforms) = preSolution
		Debug|Any CPU = Debug|Any CPU
		Release|Any CPU = Release|Any CPU
		Debug|iPhoneSimulator = Debug|iPhoneSimulator
		Release|iPhoneSimulator = Release|iPhoneSimulator
		Debug|iPhone = Debug|iPhone
		Release|iPhone = Release|iPhone
	EndGlobalSection
	GlobalSection(ProjectConfigurationPlatforms) = postSolution
		{9F5247C9-6BEC-41D2-94E3-B2A6F9861781}.Debug|Any CPU.ActiveCfg = Debug|Any CPU
		{9F5247C9-6BEC-41D2-94E3-B2A6F9861781}.Debug|Any CPU.Build.0 = Debug|Any CPU
		{9F5247C9-6BEC-41D2-94E3-B2A6F9861781}.Release|Any CPU.ActiveCfg = Release|Any CPU
		{9F5247C9-6BEC-41D2-94E3-B2A6F9861781}.Release|Any CPU.Build.0 = Release|Any CPU
		{9F5247C9-6BEC-41D2-94E3-B2A6F9861781}.Debug|iPhoneSimulator.ActiveCfg = Debug|Any CPU
		{9F5247C9-6BEC-41D2-94E3-B2A6F9861781}.Debug|iPhoneSimulator.Build.0 = Debug|Any CPU
		{9F5247C9-6BEC-41D2-94E3-B2A6F9861781}.Release|iPhoneSimulator.ActiveCfg = Release|Any CPU
		{9F5247C9-6BEC-41D2-94E3-B2A6F9861781}.Release|iPhoneSimulator.Build.0 = Release|Any CPU
		{9F5247C9-6BEC-41D2-94E3-B2A6F9861781}.Debug|iPhone.ActiveCfg = Debug|Any CPU
		{9F5247C9-6BEC-41D2-94E3-B2A6F9861781}.Debug|iPhone.Build.0 = Debug|Any CPU
		{9F5247C9-6BEC-41D2-94E3-B2A6F9861781}.Release|iPhone.ActiveCfg = Release|Any CPU
		{9F5247C9-6BEC-41D2-94E3-B2A6F9861781}.Release|iPhone.Build.0 = Release|Any CPU
		{3EDBB698-113A-43D3-8C67-9FB2D5802D95}.Debug|Any CPU.ActiveCfg = Debug|iPhoneSimulator
		{3EDBB698-113A-43D3-8C67-9FB2D5802D95}.Debug|Any CPU.Build.0 = Debug|iPhoneSimulator
		{3EDBB698-113A-43D3-8C67-9FB2D5802D95}.Release|Any CPU.ActiveCfg = Release|iPhoneSimulator
		{3EDBB698-113A-43D3-8C67-9FB2D5802D95}.Release|Any CPU.Build.0 = Release|iPhoneSimulator
		{3EDBB698-113A-43D3-8C67-9FB2D5802D95}.Debug|iPhoneSimulator.ActiveCfg = Debug|iPhoneSimulator
		{3EDBB698-113A-43D3-8C67-9FB2D5802D95}.Debug|iPhoneSimulator.Build.0 = Debug|iPhoneSimulator
		{3EDBB698-113A-43D3-8C67-9FB2D5802D95}.Release|iPhoneSimulator.ActiveCfg = Release|iPhoneSimulator
		{3EDBB698-113A-43D3-8C67-9FB2D5802D95}.Release|iPhoneSimulator.Build.0 = Release|iPhoneSimulator
		{3EDBB698-113A-43D3-8C67-9FB2D5802D95}.Debug|iPhone.ActiveCfg = Debug|iPhone
		{3EDBB698-113A-43D3-8C67-9FB2D5802D95}.Debug|iPhone.Build.0 = Debug|iPhone
		{3EDBB698-113A-43D3-8C67-9FB2D5802D95}.Release|iPhone.ActiveCfg = Release|iPhone
		{3EDBB698-113A-43D3-8C67-9FB2D5802D95}.Release|iPhone.Build.0 = Release|iPhone
		{A9CF01A5-A5BD-4917-9DF6-D3F7869168F8}.Debug|Any CPU.ActiveCfg = Debug|Any CPU
		{A9CF01A5-A5BD-4917-9DF6-D3F7869168F8}.Debug|Any CPU.Build.0 = Debug|Any CPU
		{A9CF01A5-A5BD-4917-9DF6-D3F7869168F8}.Release|Any CPU.ActiveCfg = Release|Any CPU
		{A9CF01A5-A5BD-4917-9DF6-D3F7869168F8}.Release|Any CPU.Build.0 = Release|Any CPU
		{A9CF01A5-A5BD-4917-9DF6-D3F7869168F8}.Debug|iPhoneSimulator.ActiveCfg = Debug|Any CPU
		{A9CF01A5-A5BD-4917-9DF6-D3F7869168F8}.Debug|iPhoneSimulator.Build.0 = Debug|Any CPU
		{A9CF01A5-A5BD-4917-9DF6-D3F7869168F8}.Release|iPhoneSimulator.ActiveCfg = Release|Any CPU
		{A9CF01A5-A5BD-4917-9DF6-D3F7869168F8}.Release|iPhoneSimulator.Build.0 = Release|Any CPU
		{A9CF01A5-A5BD-4917-9DF6-D3F7869168F8}.Debug|iPhone.ActiveCfg = Debug|Any CPU
		{A9CF01A5-A5BD-4917-9DF6-D3F7869168F8}.Debug|iPhone.Build.0 = Debug|Any CPU
		{A9CF01A5-A5BD-4917-9DF6-D3F7869168F8}.Release|iPhone.ActiveCfg = Release|Any CPU
		{A9CF01A5-A5BD-4917-9DF6-D3F7869168F8}.Release|iPhone.Build.0 = Release|Any CPU
	EndGlobalSection
EndGlobal
